
Microsoft Visual Studio Solution File, Format Version 12.00
# Visual Studio Version 17
VisualStudioVersion = 17.3.32929.385
MinimumVisualStudioVersion = 10.0.40219.1
Project("{FAE04EC0-301F-11D3-BF4B-00C04F79EFBC}") = "CodingExercise", "CodingExercise\CodingExercise.csproj", "{8495E70B-73AC-4B55-ABD5-7D915EF81D1A}"
EndProject
Global
	GlobalSection(SolutionConfigurationPlatforms) = preSolution
		Debug|Any CPU = Debug|Any CPU
		Release|Any CPU = Release|Any CPU
	EndGlobalSection
	GlobalSection(ProjectConfigurationPlatforms) = postSolution
		{8495E70B-73AC-4B55-ABD5-7D915EF81D1A}.Debug|Any CPU.ActiveCfg = Debug|Any CPU
		{8495E70B-73AC-4B55-ABD5-7D915EF81D1A}.Debug|Any CPU.Build.0 = Debug|Any CPU
		{8495E70B-73AC-4B55-ABD5-7D915EF81D1A}.Release|Any CPU.ActiveCfg = Release|Any CPU
		{8495E70B-73AC-4B55-ABD5-7D915EF81D1A}.Release|Any CPU.Build.0 = Release|Any CPU
	EndGlobalSection
	GlobalSection(SolutionProperties) = preSolution
		HideSolutionNode = FALSE
	EndGlobalSection
	GlobalSection(ExtensibilityGlobals) = postSolution
		SolutionGuid = {7705A20C-C4B8-46F5-8EEA-1EC23BB1691E}
	EndGlobalSection
EndGlobal
